
Microsoft Visual Studio Solution File, Format Version 12.00
# Visual Studio Version 17
VisualStudioVersion = 17.10.34916.146
MinimumVisualStudioVersion = 10.0.40219.1
Project("{9A19103F-16F7-4668-BE54-9A1E7A4F7556}") = "AWSLambdaHelloWorld", "AWSLambdaHelloWorld.csproj", "{48338859-3C6C-4FA6-B9E4-024D5743125C}"
EndProject
Global
	GlobalSection(SolutionConfigurationPlatforms) = preSolution
		Debug|Any CPU = Debug|Any CPU
		Release|Any CPU = Release|Any CPU
	EndGlobalSection
	GlobalSection(ProjectConfigurationPlatforms) = postSolution
		{48338859-3C6C-4FA6-B9E4-024D5743125C}.Debug|Any CPU.ActiveCfg = Debug|Any CPU
		{48338859-3C6C-4FA6-B9E4-024D5743125C}.Debug|Any CPU.Build.0 = Debug|Any CPU
		{48338859-3C6C-4FA6-B9E4-024D5743125C}.Release|Any CPU.ActiveCfg = Release|Any CPU
		{48338859-3C6C-4FA6-B9E4-024D5743125C}.Release|Any CPU.Build.0 = Release|Any CPU
	EndGlobalSection
	GlobalSection(SolutionProperties) = preSolution
		HideSolutionNode = FALSE
	EndGlobalSection
	GlobalSection(ExtensibilityGlobals) = postSolution
		SolutionGuid = {D5C05AFB-F774-4468-A678-FDF6A0BCFC60}
	EndGlobalSection
EndGlobal
